{
  "nodes": {
    "emacs-overlay": {
      "inputs": {
        "nixpkgs": [
          "nixpkgs"
        ],
        "nixpkgs-stable": "nixpkgs-stable"
      },
      "locked": {
        "lastModified": 1788319806,
        "narHash": "sha256-uCeXPTIPqiAS8oGxlnhpAoqLG9wj5Z1FBJ8X3TeEvvI=",
        "owner": "nix-community",
        "repo": "emacs-overlay",
        "rev": "3e7423c0a033f76f675f8d16fe78a54b7dc5eb3c",
        "type": "github"
      },
      "original": {
        "owner": "nix-community",
        "repo": "emacs-overlay",
        "type": "github"
      }
    },
    "flake-parts": {
      "inputs": {
        "nixpkgs-lib": "nixpkgs-lib"
      },
      "locked": {
        "lastModified": 1788306937,
        "narHash": "sha256-lbrI1UYVpFgKSsyrU9oeF7FHfnu8nLD9ja0ou9f2rxk=",
        "owner": "hercules-ci",
        "repo": "flake-parts",
        "rev": "f16b25b8c3d2809b87925d0b76652d7821a75c68",
        "type": "github"
      },
      "original": {
        "owner": "hercules-ci",
        "repo": "flake-parts",
        "type": "github"
      }
    },
    "nael": {
      "flake": false,
      "locked": {
        "lastModified": 1773060800,
        "narHash": "sha256-X3yw0pBgUN71TdPcEPznjq//U5X8P+zctik3nw11RSI=",
        "ref": "refs/heads/release",
        "rev": "c1d349746731bbff6bf1887c51eb7a1f3bea5c4c",
        "revCount": 453,
        "type": "git",
        "url": "https://codeberg.org/mekeor/nael.git"
      },
      "original": {
        "type": "git",
        "url": "https://codeberg.org/mekeor/nael.git"
      }
    },
    "nixpkgs": {
      "locked": {
        "lastModified": 1788179007,
        "narHash": "sha256-hn1oU2rue2SYK8dAr8+WNZWtbsz1S2W5mnHlSEuh3bo=",
        "owner": "NixOS",
        "repo": "nixpkgs",
        "rev": "34ab99075ac4f7e40cf037eef32cb1c360bb85e9",
        "type": "github"
      },
      "original": {
        "owner": "NixOS",
        "ref": "nixos-unstable",
        "repo": "nixpkgs",
        "type": "github"
      }
    },
    "nixpkgs-lib": {
      "locked": {
        "lastModified": 1788057806,
        "narHash": "sha256-DTQSMxzDWmT0zhguthvegnVkn7CFqGCv4IHCzk5ZUpM=",
        "owner": "nix-community",
        "repo": "nixpkgs.lib",
        "rev": "596e2e3940e09b2abbeb03f75fa1828c57fcd72c",
        "type": "github"
      },
      "original": {
        "owner": "nix-community",
        "repo": "nixpkgs.lib",
        "type": "github"
      }
    },
    "nixpkgs-stable": {
      "locked": {
        "lastModified": 1788187754,
        "narHash": "sha256-bu1QxmXKmPuvBLN7bHP355OV9Qo13x9WCiRDH62CqRM=",
        "owner": "NixOS",
        "repo": "nixpkgs",
        "rev": "5dfba6236110080a54247d6460bc2ff5dda939cc",
        "type": "github"
      },
      "original": {
        "owner": "NixOS",
        "ref": "nixos-26.05",
        "repo": "nixpkgs",
        "type": "github"
      }
    },
    "ouroboros": {
      "flake": false,
      "locked": {
        "lastModified": 1788229772,
        "narHash": "sha256-tGLg7ZZYK7zFJBj774e/OKHbVGYcHVTHGFKuLClXVRI=",
        "owner": "dysthesis",
        "repo": "ouroboros-theme",
        "rev": "ddfa0b987190a71fd461e33ca718f0f2483906b7",
        "type": "github"
      },
      "original": {
        "owner": "dysthesis",
        "repo": "ouroboros-theme",
        "type": "github"
      }
    },
    "root": {
      "inputs": {
        "emacs-overlay": "emacs-overlay",
        "flake-parts": "flake-parts",
        "nael": "nael",
        "nixpkgs": "nixpkgs",
        "ouroboros": "ouroboros",
        "typst-ts-mode": "typst-ts-mode"
      }
    },
    "typst-ts-mode": {
      "flake": false,
      "locked": {
        "lastModified": 1782317899,
        "narHash": "sha256-6QUPLiEoKD64tozOm0KBvCdwCNMxcUpCVZu9qOEVosk=",
        "ref": "refs/heads/develop",
        "rev": "155bb36cff3afe701a0f6b57bd3fe5c9effaa314",
        "revCount": 318,
        "type": "git",
        "url": "https://codeberg.org/meow_king/typst-ts-mode"
      },
      "original": {
        "type": "git",
        "url": "https://codeberg.org/meow_king/typst-ts-mode"
      }
    }
  },
  "root": "root",
  "version": 7
}
